
Microsoft Visual Studio Solution File, Format Version 12.00
# Visual Studio Version 17
VisualStudioVersion = 17.5.33627.172
MinimumVisualStudioVersion = 10.0.40219.1
Project("{9A19103F-16F7-4668-BE54-9A1E7A4F7556}") = "General.Interfaces", "General.Interfaces\General.Interfaces.csproj", "{77854D55-920E-4928-BD7D-C4C9EE46CD0B}"
EndProject
Project("{9A19103F-16F7-4668-BE54-9A1E7A4F7556}") = "General.Utils", "General.Utils\General.Utils.csproj", "{544455D5-178E-49D0-9EAC-2A5D661264EF}"
EndProject
Project("{9A19103F-16F7-4668-BE54-9A1E7A4F7556}") = "Frontend.UI.RazorComponents", "Frontend.UI.RazorComponents\Frontend.UI.RazorComponents.csproj", "{675F9EED-ED26-4009-A98A-8007164B4FBA}"
EndProject
Project("{9A19103F-16F7-4668-BE54-9A1E7A4F7556}") = "General.Grpc", "General.Grpc\General.Grpc.csproj", "{A79E7A1F-D4A1-4021-BA35-A537B25D2924}"
EndProject
Project("{9A19103F-16F7-4668-BE54-9A1E7A4F7556}") = "Backend.SqLiteDatabaseHandler", "Backend.SqLiteDatabaseHandler\Backend.SqLiteDatabaseHandler.csproj", "{120364B9-634B-48E2-BB9C-0D3C6CE1D208}"
EndProject
Project("{9A19103F-16F7-4668-BE54-9A1E7A4F7556}") = "Backend.Server", "Backend.Server\Backend.Server.csproj", "{25F6D948-7236-4D39-9CA4-FE10272B9F0F}"
EndProject
Project("{9A19103F-16F7-4668-BE54-9A1E7A4F7556}") = "Frontend.BlazorWebassembly", "Frontend.BlazorWebassembly\Frontend.BlazorWebassembly.csproj", "{95FD0820-AF19-437C-8B8E-8304FB884720}"
EndProject
Project("{9A19103F-16F7-4668-BE54-9A1E7A4F7556}") = "Backend.SqLiteDatabaseHandler.Tests", "Backend.SqLiteDatabaseHandler.Tests\Backend.SqLiteDatabaseHandler.Tests.csproj", "{05165EF8-64D1-46E0-A2FC-6AC4E192EA17}"
EndProject
Project("{9A19103F-16F7-4668-BE54-9A1E7A4F7556}") = "Backend.Logic", "Backend.Logic\Backend.Logic.csproj", "{FB571CC5-FBB7-4197-804D-0532348FFA6F}"
EndProject
Project("{9A19103F-16F7-4668-BE54-9A1E7A4F7556}") = "Backend.LogicTests", "Backend.LogicTests\Backend.LogicTests.csproj", "{FEA0A2A2-91A0-4184-A63F-16214FE01CC8}"
EndProject
Global
	GlobalSection(SolutionConfigurationPlatforms) = preSolution
		Debug|Any CPU = Debug|Any CPU
		Release|Any CPU = Release|Any CPU
	EndGlobalSection
	GlobalSection(ProjectConfigurationPlatforms) = postSolution
		{77854D55-920E-4928-BD7D-C4C9EE46CD0B}.Debug|Any CPU.ActiveCfg = Debug|Any CPU
		{77854D55-920E-4928-BD7D-C4C9EE46CD0B}.Debug|Any CPU.Build.0 = Debug|Any CPU
		{77854D55-920E-4928-BD7D-C4C9EE46CD0B}.Release|Any CPU.ActiveCfg = Release|Any CPU
		{77854D55-920E-4928-BD7D-C4C9EE46CD0B}.Release|Any CPU.Build.0 = Release|Any CPU
		{544455D5-178E-49D0-9EAC-2A5D661264EF}.Debug|Any CPU.ActiveCfg = Debug|Any CPU
		{544455D5-178E-49D0-9EAC-2A5D661264EF}.Debug|Any CPU.Build.0 = Debug|Any CPU
		{544455D5-178E-49D0-9EAC-2A5D661264EF}.Release|Any CPU.ActiveCfg = Release|Any CPU
		{544455D5-178E-49D0-9EAC-2A5D661264EF}.Release|Any CPU.Build.0 = Release|Any CPU
		{675F9EED-ED26-4009-A98A-8007164B4FBA}.Debug|Any CPU.ActiveCfg = Debug|Any CPU
		{675F9EED-ED26-4009-A98A-8007164B4FBA}.Debug|Any CPU.Build.0 = Debug|Any CPU
		{675F9EED-ED26-4009-A98A-8007164B4FBA}.Release|Any CPU.ActiveCfg = Release|Any CPU
		{675F9EED-ED26-4009-A98A-8007164B4FBA}.Release|Any CPU.Build.0 = Release|Any CPU
		{A79E7A1F-D4A1-4021-BA35-A537B25D2924}.Debug|Any CPU.ActiveCfg = Debug|Any CPU
		{A79E7A1F-D4A1-4021-BA35-A537B25D2924}.Debug|Any CPU.Build.0 = Debug|Any CPU
		{A79E7A1F-D4A1-4021-BA35-A537B25D2924}.Release|Any CPU.ActiveCfg = Release|Any CPU
		{A79E7A1F-D4A1-4021-BA35-A537B25D2924}.Release|Any CPU.Build.0 = Release|Any CPU
		{120364B9-634B-48E2-BB9C-0D3C6CE1D208}.Debug|Any CPU.ActiveCfg = Debug|Any CPU
		{120364B9-634B-48E2-BB9C-0D3C6CE1D208}.Debug|Any CPU.Build.0 = Debug|Any CPU
		{120364B9-634B-48E2-BB9C-0D3C6CE1D208}.Release|Any CPU.ActiveCfg = Release|Any CPU
		{120364B9-634B-48E2-BB9C-0D3C6CE1D208}.Release|Any CPU.Build.0 = Release|Any CPU
		{25F6D948-7236-4D39-9CA4-FE10272B9F0F}.Debug|Any CPU.ActiveCfg = Debug|Any CPU
		{25F6D948-7236-4D39-9CA4-FE10272B9F0F}.Debug|Any CPU.Build.0 = Debug|Any CPU
		{25F6D948-7236-4D39-9CA4-FE10272B9F0F}.Release|Any CPU.ActiveCfg = Release|Any CPU
		{25F6D948-7236-4D39-9CA4-FE10272B9F0F}.Release|Any CPU.Build.0 = Release|Any CPU
		{95FD0820-AF19-437C-8B8E-8304FB884720}.Debug|Any CPU.ActiveCfg = Debug|Any CPU
		{95FD0820-AF19-437C-8B8E-8304FB884720}.Debug|Any CPU.Build.0 = Debug|Any CPU
		{95FD0820-AF19-437C-8B8E-8304FB884720}.Release|Any CPU.ActiveCfg = Release|Any CPU
		{95FD0820-AF19-437C-8B8E-8304FB884720}.Release|Any CPU.Build.0 = Release|Any CPU
		{05165EF8-64D1-46E0-A2FC-6AC4E192EA17}.Debug|Any CPU.ActiveCfg = Debug|Any CPU
		{05165EF8-64D1-46E0-A2FC-6AC4E192EA17}.Debug|Any CPU.Build.0 = Debug|Any CPU
		{05165EF8-64D1-46E0-A2FC-6AC4E192EA17}.Release|Any CPU.ActiveCfg = Release|Any CPU
		{05165EF8-64D1-46E0-A2FC-6AC4E192EA17}.Release|Any CPU.Build.0 = Release|Any CPU
		{FB571CC5-FBB7-4197-804D-0532348FFA6F}.Debug|Any CPU.ActiveCfg = Debug|Any CPU
		{FB571CC5-FBB7-4197-804D-0532348FFA6F}.Debug|Any CPU.Build.0 = Debug|Any CPU
		{FB571CC5-FBB7-4197-804D-0532348FFA6F}.Release|Any CPU.ActiveCfg = Release|Any CPU
		{FB571CC5-FBB7-4197-804D-0532348FFA6F}.Release|Any CPU.Build.0 = Release|Any CPU
		{FEA0A2A2-91A0-4184-A63F-16214FE01CC8}.Debug|Any CPU.ActiveCfg = Debug|Any CPU
		{FEA0A2A2-91A0-4184-A63F-16214FE01CC8}.Debug|Any CPU.Build.0 = Debug|Any CPU
		{FEA0A2A2-91A0-4184-A63F-16214FE01CC8}.Release|Any CPU.ActiveCfg = Release|Any CPU
		{FEA0A2A2-91A0-4184-A63F-16214FE01CC8}.Release|Any CPU.Build.0 = Release|Any CPU
	EndGlobalSection
	GlobalSection(SolutionProperties) = preSolution
		HideSolutionNode = FALSE
	EndGlobalSection
	GlobalSection(ExtensibilityGlobals) = postSolution
		SolutionGuid = {E82F37C9-B078-4773-BB65-9AEBDBEA02AE}
	EndGlobalSection
EndGlobal
